// !$*UTF8*$!
{
	archiveVersion = 1;
	classes = {
	};
	objectVersion = 56;
	objects = {

/* Begin PBXBuildFile section */
		A102015B2AF76F7300253072 /* AppDelegate.swift in Sources */ = {isa = PBXBuildFile; fileRef = A102015A2AF76F7300253072 /* AppDelegate.swift */; };
		A102015D2AF76F7300253072 /* SceneDelegate.swift in Sources */ = {isa = PBXBuildFile; fileRef = A102015C2AF76F7300253072 /* SceneDelegate.swift */; };
		A102015F2AF76F7300253072 /* LoginViewController.swift in Sources */ = {isa = PBXBuildFile; fileRef = A102015E2AF76F7300253072 /* LoginViewController.swift */; };
		A10201642AF76F7400253072 /* Assets.xcassets in Resources */ = {isa = PBXBuildFile; fileRef = A10201632AF76F7400253072 /* Assets.xcassets */; };
		A10201672AF76F7400253072 /* LaunchScreen.storyboard in Resources */ = {isa = PBXBuildFile; fileRef = A10201652AF76F7400253072 /* LaunchScreen.storyboard */; };
		A102016F2AF7778F00253072 /* NoteListViewController.swift in Sources */ = {isa = PBXBuildFile; fileRef = A102016E2AF7778F00253072 /* NoteListViewController.swift */; };
		A10201712AF77BE300253072 /* NoteTableViewCell.swift in Sources */ = {isa = PBXBuildFile; fileRef = A10201702AF77BE300253072 /* NoteTableViewCell.swift */; };
		A10201732AF7AE7800253072 /* NoteModel.swift in Sources */ = {isa = PBXBuildFile; fileRef = A10201722AF7AE7800253072 /* NoteModel.swift */; };
		A10201752AF7C2BF00253072 /* AddNoteViewController.swift in Sources */ = {isa = PBXBuildFile; fileRef = A10201742AF7C2BF00253072 /* AddNoteViewController.swift */; };
		A10201772AF7CE3200253072 /* NoteDetailsViewController.swift in Sources */ = {isa = PBXBuildFile; fileRef = A10201762AF7CE3200253072 /* NoteDetailsViewController.swift */; };
/* End PBXBuildFile section */

/* Begin PBXFileReference section */
		A10201572AF76F7300253072 /* Assignment16-DataPersistance.app */ = {isa = PBXFileReference; explicitFileType = wrapper.application; includeInIndex = 0; path = "Assignment16-DataPersistance.app"; sourceTree = BUILT_PRODUCTS_DIR; };
		A102015A2AF76F7300253072 /* AppDelegate.swift */ = {isa = PBXFileReference; lastKnownFileType = sourcecode.swift; path = AppDelegate.swift; sourceTree = "<group>"; };
		A102015C2AF76F7300253072 /* SceneDelegate.swift */ = {isa = PBXFileReference; lastKnownFileType = sourcecode.swift; path = SceneDelegate.swift; sourceTree = "<group>"; };
		A102015E2AF76F7300253072 /* LoginViewController.swift */ = {isa = PBXFileReference; lastKnownFileType = sourcecode.swift; path = LoginViewController.swift; sourceTree = "<group>"; };
		A10201632AF76F7400253072 /* Assets.xcassets */ = {isa = PBXFileReference; lastKnownFileType = folder.assetcatalog; path = Assets.xcassets; sourceTree = "<group>"; };
		A10201662AF76F7400253072 /* Base */ = {isa = PBXFileReference; lastKnownFileType = file.storyboard; name = Base; path = Base.lproj/LaunchScreen.storyboard; sourceTree = "<group>"; };
		A10201682AF76F7400253072 /* Info.plist */ = {isa = PBXFileReference; lastKnownFileType = text.plist.xml; path = Info.plist; sourceTree = "<group>"; };
		A102016E2AF7778F00253072 /* NoteListViewController.swift */ = {isa = PBXFileReference; lastKnownFileType = sourcecode.swift; path = NoteListViewController.swift; sourceTree = "<group>"; };
		A10201702AF77BE300253072 /* NoteTableViewCell.swift */ = {isa = PBXFileReference; lastKnownFileType = sourcecode.swift; path = NoteTableViewCell.swift; sourceTree = "<group>"; };
		A10201722AF7AE7800253072 /* NoteModel.swift */ = {isa = PBXFileReference; lastKnownFileType = sourcecode.swift; path = NoteModel.swift; sourceTree = "<group>"; };
		A10201742AF7C2BF00253072 /* AddNoteViewController.swift */ = {isa = PBXFileReference; lastKnownFileType = sourcecode.swift; path = AddNoteViewController.swift; sourceTree = "<group>"; };
		A10201762AF7CE3200253072 /* NoteDetailsViewController.swift */ = {isa = PBXFileReference; lastKnownFileType = sourcecode.swift; path = NoteDetailsViewController.swift; sourceTree = "<group>"; };
/* End PBXFileReference section */

/* Begin PBXFrameworksBuildPhase section */
		A10201542AF76F7300253072 /* Frameworks */ = {
			isa = PBXFrameworksBuildPhase;
			buildActionMask = 2147483647;
			files = (
			);
			runOnlyForDeploymentPostprocessing = 0;
		};
/* End PBXFrameworksBuildPhase section */

/* Begin PBXGroup section */
		A102014E2AF76F7300253072 = {
			isa = PBXGroup;
			children = (
				A10201592AF76F7300253072 /* Assignment16-DataPersistance */,
				A10201582AF76F7300253072 /* Products */,
			);
			sourceTree = "<group>";
		};
		A10201582AF76F7300253072 /* Products */ = {
			isa = PBXGroup;
			children = (
				A10201572AF76F7300253072 /* Assignment16-DataPersistance.app */,
			);
			name = Products;
			sourceTree = "<group>";
		};
		A10201592AF76F7300253072 /* Assignment16-DataPersistance */ = {
			isa = PBXGroup;
			children = (
				A102015A2AF76F7300253072 /* AppDelegate.swift */,
				A102015C2AF76F7300253072 /* SceneDelegate.swift */,
				A10201722AF7AE7800253072 /* NoteModel.swift */,
				A102015E2AF76F7300253072 /* LoginViewController.swift */,
				A10201762AF7CE3200253072 /* NoteDetailsViewController.swift */,
				A10201742AF7C2BF00253072 /* AddNoteViewController.swift */,
				A102016E2AF7778F00253072 /* NoteListViewController.swift */,
				A10201702AF77BE300253072 /* NoteTableViewCell.swift */,
				A10201632AF76F7400253072 /* Assets.xcassets */,
				A10201652AF76F7400253072 /* LaunchScreen.storyboard */,
				A10201682AF76F7400253072 /* Info.plist */,
			);
			path = "Assignment16-DataPersistance";
			sourceTree = "<group>";
		};
/* End PBXGroup section */

/* Begin PBXNativeTarget section */
		A10201562AF76F7300253072 /* Assignment16-DataPersistance */ = {
			isa = PBXNativeTarget;
			buildConfigurationList = A102016B2AF76F7400253072 /* Build configuration list for PBXNativeTarget "Assignment16-DataPersistance" */;
			buildPhases = (
				A10201532AF76F7300253072 /* Sources */,
				A10201542AF76F7300253072 /* Frameworks */,
				A10201552AF76F7300253072 /* Resources */,
			);
			buildRules = (
			);
			dependencies = (
			);
			name = "Assignment16-DataPersistance";
			productName = "Assignment16-DataPersistance";
			productReference = A10201572AF76F7300253072 /* Assignment16-DataPersistance.app */;
			productType = "com.apple.product-type.application";
		};
/* End PBXNativeTarget section */

/* Begin PBXProject section */
		A102014F2AF76F7300253072 /* Project object */ = {
			isa = PBXProject;
			attributes = {
				BuildIndependentTargetsInParallel = 1;
				LastSwiftUpdateCheck = 1500;
				LastUpgradeCheck = 1500;
				TargetAttributes = {
					A10201562AF76F7300253072 = {
						CreatedOnToolsVersion = 15.0.1;
					};
				};
			};
			buildConfigurationList = A10201522AF76F7300253072 /* Build configuration list for PBXProject "Assignment16-DataPersistance" */;
			compatibilityVersion = "Xcode 14.0";
			developmentRegion = en;
			hasScannedForEncodings = 0;
			knownRegions = (
				en,
				Base,
			);
			mainGroup = A102014E2AF76F7300253072;
			productRefGroup = A10201582AF76F7300253072 /* Products */;
			projectDirPath = "";
			projectRoot = "";
			targets = (
				A10201562AF76F7300253072 /* Assignment16-DataPersistance */,
			);
		};
/* End PBXProject section */

/* Begin PBXResourcesBuildPhase section */
		A10201552AF76F7300253072 /* Resources */ = {
			isa = PBXResourcesBuildPhase;
			buildActionMask = 2147483647;
			files = (
				A10201672AF76F7400253072 /* LaunchScreen.storyboard in Resources */,
				A10201642AF76F7400253072 /* Assets.xcassets in Resources */,
			);
			runOnlyForDeploymentPostprocessing = 0;
		};
/* End PBXResourcesBuildPhase section */

/* Begin PBXSourcesBuildPhase section */
		A10201532AF76F7300253072 /* Sources */ = {
			isa = PBXSourcesBuildPhase;
			buildActionMask = 2147483647;
			files = (
				A10201752AF7C2BF00253072 /* AddNoteViewController.swift in Sources */,
				A102016F2AF7778F00253072 /* NoteListViewController.swift in Sources */,
				A10201732AF7AE7800253072 /* NoteModel.swift in Sources */,
				A102015F2AF76F7300253072 /* LoginViewController.swift in Sources */,
				A10201712AF77BE300253072 /* NoteTableViewCell.swift in Sources */,
				A10201772AF7CE3200253072 /* NoteDetailsViewController.swift in Sources */,
				A102015B2AF76F7300253072 /* AppDelegate.swift in Sources */,
				A102015D2AF76F7300253072 /* SceneDelegate.swift in Sources */,
			);
			runOnlyForDeploymentPostprocessing = 0;
		};
/* End PBXSourcesBuildPhase section */

/* Begin PBXVariantGroup section */
		A10201652AF76F7400253072 /* LaunchScreen.storyboard */ = {
			isa = PBXVariantGroup;
			children = (
				A10201662AF76F7400253072 /* Base */,
			);
			name = LaunchScreen.storyboard;
			sourceTree = "<group>";
		};
/* End PBXVariantGroup section */

/* Begin XCBuildConfiguration section */
		A10201692AF76F7400253072 /* Debug */ = {
			isa = XCBuildConfiguration;
			buildSettings = {
				ALWAYS_SEARCH_USER_PATHS = NO;
				ASSETCATALOG_COMPILER_GENERATE_SWIFT_ASSET_SYMBOL_EXTENSIONS = YES;
				CLANG_ANALYZER_NONNULL = YES;
				CLANG_ANALYZER_NUMBER_OBJECT_CONVERSION = YES_AGGRESSIVE;
				CLANG_CXX_LANGUAGE_STANDARD = "gnu++20";
				CLANG_ENABLE_MODULES = YES;
				CLANG_ENABLE_OBJC_ARC = YES;
				CLANG_ENABLE_OBJC_WEAK = YES;
				CLANG_WARN_BLOCK_CAPTURE_AUTORELEASING = YES;
				CLANG_WARN_BOOL_CONVERSION = YES;
				CLANG_WARN_COMMA = YES;
				CLANG_WARN_CONSTANT_CONVERSION = YES;
				CLANG_WARN_DEPRECATED_OBJC_IMPLEMENTATIONS = YES;
				CLANG_WARN_DIRECT_OBJC_ISA_USAGE = YES_ERROR;
				CLANG_WARN_DOCUMENTATION_COMMENTS = YES;
				CLANG_WARN_EMPTY_BODY = YES;
				CLANG_WARN_ENUM_CONVERSION = YES;
				CLANG_WARN_INFINITE_RECURSION = YES;
				CLANG_WARN_INT_CONVERSION = YES;
				CLANG_WARN_NON_LITERAL_NULL_CONVERSION = YES;
				CLANG_WARN_OBJC_IMPLICIT_RETAIN_SELF = YES;
				CLANG_WARN_OBJC_LITERAL_CONVERSION = YES;
				CLANG_WARN_OBJC_ROOT_CLASS = YES_ERROR;
				CLANG_WARN_QUOTED_INCLUDE_IN_FRAMEWORK_HEADER = YES;
				CLANG_WARN_RANGE_LOOP_ANALYSIS = YES;
				CLANG_WARN_STRICT_PROTOTYPES = YES;
				CLANG_WARN_SUSPICIOUS_MOVE = YES;
				CLANG_WARN_UNGUARDED_AVAILABILITY = YES_AGGRESSIVE;
				CLANG_WARN_UNREACHABLE_CODE = YES;
				CLANG_WARN__DUPLICATE_METHOD_MATCH = YES;
				COPY_PHASE_STRIP = NO;
				DEBUG_INFORMATION_FORMAT = dwarf;
				ENABLE_STRICT_OBJC_MSGSEND = YES;
				ENABLE_TESTABILITY = YES;
				ENABLE_USER_SCRIPT_SANDBOXING = YES;
				GCC_C_LANGUAGE_STANDARD = gnu17;
				GCC_DYNAMIC_NO_PIC = NO;
				GCC_NO_COMMON_BLOCKS = YES;
				GCC_OPTIMIZATION_LEVEL = 0;
				GCC_PREPROCESSOR_DEFINITIONS = (
					"DEBUG=1",
					"$(inherited)",
				);
				GCC_WARN_64_TO_32_BIT_CONVERSION = YES;
				GCC_WARN_ABOUT_RETURN_TYPE = YES_ERROR;
				GCC_WARN_UNDECLARED_SELECTOR = YES;
				GCC_WARN_UNINITIALIZED_AUTOS = YES_AGGRESSIVE;
				GCC_WARN_UNUSED_FUNCTION = YES;
				GCC_WARN_UNUSED_VARIABLE = YES;
				IPHONEOS_DEPLOYMENT_TARGET = 17.0;
				LOCALIZATION_PREFERS_STRING_CATALOGS = YES;
				MTL_ENABLE_DEBUG_INFO = INCLUDE_SOURCE;
				MTL_FAST_MATH = YES;
				ONLY_ACTIVE_ARCH = YES;
				SDKROOT = iphoneos;
				SWIFT_ACTIVE_COMPILATION_CONDITIONS = "DEBUG $(inherited)";
				SWIFT_OPTIMIZATION_LEVEL = "-Onone";
			};
			name = Debug;
		};
		A102016A2AF76F7400253072 /* Release */ = {
			isa = XCBuildConfiguration;
			buildSettings = {
				ALWAYS_SEARCH_USER_PATHS = NO;
				ASSETCATALOG_COMPILER_GENERATE_SWIFT_ASSET_SYMBOL_EXTENSIONS = YES;
				CLANG_ANALYZER_NONNULL = YES;
				CLANG_ANALYZER_NUMBER_OBJECT_CONVERSION = YES_AGGRESSIVE;
				CLANG_CXX_LANGUAGE_STANDARD = "gnu++20";
				CLANG_ENABLE_MODULES = YES;
				CLANG_ENABLE_OBJC_ARC = YES;
				CLANG_ENABLE_OBJC_WEAK = YES;
				CLANG_WARN_BLOCK_CAPTURE_AUTORELEASING = YES;
				CLANG_WARN_BOOL_CONVERSION = YES;
				CLANG_WARN_COMMA = YES;
				CLANG_WARN_CONSTANT_CONVERSION = YES;
				CLANG_WARN_DEPRECATED_OBJC_IMPLEMENTATIONS = YES;
				CLANG_WARN_DIRECT_OBJC_ISA_USAGE = YES_ERROR;
				CLANG_WARN_DOCUMENTATION_COMMENTS = YES;
				CLANG_WARN_EMPTY_BODY = YES;
				CLANG_WARN_ENUM_CONVERSION = YES;
				CLANG_WARN_INFINITE_RECURSION = YES;
				CLANG_WARN_INT_CONVERSION = YES;
				CLANG_WARN_NON_LITERAL_NULL_CONVERSION = YES;
				CLANG_WARN_OBJC_IMPLICIT_RETAIN_SELF = YES;
				CLANG_WARN_OBJC_LITERAL_CONVERSION = YES;
				CLANG_WARN_OBJC_ROOT_CLASS = YES_ERROR;
				CLANG_WARN_QUOTED_INCLUDE_IN_FRAMEWORK_HEADER = YES;
				CLANG_WARN_RANGE_LOOP_ANALYSIS = YES;
				CLANG_WARN_STRICT_PROTOTYPES = YES;
				CLANG_WARN_SUSPICIOUS_MOVE = YES;
				CLANG_WARN_UNGUARDED_AVAILABILITY = YES_AGGRESSIVE;
				CLANG_WARN_UNREACHABLE_CODE = YES;
				CLANG_WARN__DUPLICATE_METHOD_MATCH = YES;
				COPY_PHASE_STRIP = NO;
				DEBUG_INFORMATION_FORMAT = "dwarf-with-dsym";
				ENABLE_NS_ASSERTIONS = NO;
				ENABLE_STRICT_OBJC_MSGSEND = YES;
				ENABLE_USER_SCRIPT_SANDBOXING = YES;
				GCC_C_LANGUAGE_STANDARD = gnu17;
				GCC_NO_COMMON_BLOCKS = YES;
				GCC_WARN_64_TO_32_BIT_CONVERSION = YES;
				GCC_WARN_ABOUT_RETURN_TYPE = YES_ERROR;
				GCC_WARN_UNDECLARED_SELECTOR = YES;
				GCC_WARN_UNINITIALIZED_AUTOS = YES_AGGRESSIVE;
				GCC_WARN_UNUSED_FUNCTION = YES;
				GCC_WARN_UNUSED_VARIABLE = YES;
				IPHONEOS_DEPLOYMENT_TARGET = 17.0;
				LOCALIZATION_PREFERS_STRING_CATALOGS = YES;
				MTL_ENABLE_DEBUG_INFO = NO;
				MTL_FAST_MATH = YES;
				SDKROOT = iphoneos;
				SWIFT_COMPILATION_MODE = wholemodule;
				VALIDATE_PRODUCT = YES;
			};
			name = Release;
		};
		A102016C2AF76F7400253072 /* Debug */ = {
			isa = XCBuildConfiguration;
			buildSettings = {
				ASSETCATALOG_COMPILER_APPICON_NAME = AppIcon;
				ASSETCATALOG_COMPILER_GLOBAL_ACCENT_COLOR_NAME = AccentColor;
				CODE_SIGN_STYLE = Automatic;
				CURRENT_PROJECT_VERSION = 1;
				DEVELOPMENT_TEAM = PK6XSJ53V5;
				GENERATE_INFOPLIST_FILE = YES;
				INFOPLIST_FILE = "Assignment16-DataPersistance/Info.plist";
				INFOPLIST_KEY_UIApplicationSupportsIndirectInputEvents = YES;
				INFOPLIST_KEY_UILaunchStoryboardName = LaunchScreen;
				INFOPLIST_KEY_UIMainStoryboardFile = "";
				INFOPLIST_KEY_UISupportedInterfaceOrientations_iPad = "UIInterfaceOrientationPortrait UIInterfaceOrientationPortraitUpsideDown UIInterfaceOrientationLandscapeLeft UIInterfaceOrientationLandscapeRight";
				INFOPLIST_KEY_UISupportedInterfaceOrientations_iPhone = "UIInterfaceOrientationPortrait UIInterfaceOrientationLandscapeLeft UIInterfaceOrientationLandscapeRight";
				LD_RUNPATH_SEARCH_PATHS = (
					"$(inherited)",
					"@executable_path/Frameworks",
				);
				MARKETING_VERSION = 1.0;
				PRODUCT_BUNDLE_IDENTIFIER = "com.Luka.Assignment16.Assignment16-DataPersistance";
				PRODUCT_NAME = "$(TARGET_NAME)";
				SWIFT_EMIT_LOC_STRINGS = YES;
				SWIFT_VERSION = 5.0;
				TARGETED_DEVICE_FAMILY = "1,2";
			};
			name = Debug;
		};
		A102016D2AF76F7400253072 /* Release */ = {
			isa = XCBuildConfiguration;
			buildSettings = {
				ASSETCATALOG_COMPILER_APPICON_NAME = AppIcon;
				ASSETCATALOG_COMPILER_GLOBAL_ACCENT_COLOR_NAME = AccentColor;
				CODE_SIGN_STYLE = Automatic;
				CURRENT_PROJECT_VERSION = 1;
				DEVELOPMENT_TEAM = PK6XSJ53V5;
				GENERATE_INFOPLIST_FILE = YES;
				INFOPLIST_FILE = "Assignment16-DataPersistance/Info.plist";
				INFOPLIST_KEY_UIApplicationSupportsIndirectInputEvents = YES;
				INFOPLIST_KEY_UILaunchStoryboardName = LaunchScreen;
				INFOPLIST_KEY_UIMainStoryboardFile = "";
				INFOPLIST_KEY_UISupportedInterfaceOrientations_iPad = "UIInterfaceOrientationPortrait UIInterfaceOrientationPortraitUpsideDown UIInterfaceOrientationLandscapeLeft UIInterfaceOrientationLandscapeRight";
				INFOPLIST_KEY_UISupportedInterfaceOrientations_iPhone = "UIInterfaceOrientationPortrait UIInterfaceOrientationLandscapeLeft UIInterfaceOrientationLandscapeRight";
				LD_RUNPATH_SEARCH_PATHS = (
					"$(inherited)",
					"@executable_path/Frameworks",
				);
				MARKETING_VERSION = 1.0;
				PRODUCT_BUNDLE_IDENTIFIER = "com.Luka.Assignment16.Assignment16-DataPersistance";
				PRODUCT_NAME = "$(TARGET_NAME)";
				SWIFT_EMIT_LOC_STRINGS = YES;
				SWIFT_VERSION = 5.0;
				TARGETED_DEVICE_FAMILY = "1,2";
			};
			name = Release;
		};
/* End XCBuildConfiguration section */

/* Begin XCConfigurationList section */
		A10201522AF76F7300253072 /* Build configuration list for PBXProject "Assignment16-DataPersistance" */ = {
			isa = XCConfigurationList;
			buildConfigurations = (
				A10201692AF76F7400253072 /* Debug */,
				A102016A2AF76F7400253072 /* Release */,
			);
			defaultConfigurationIsVisible = 0;
			defaultConfigurationName = Release;
		};
		A102016B2AF76F7400253072 /* Build configuration list for PBXNativeTarget "Assignment16-DataPersistance" */ = {
			isa = XCConfigurationList;
			buildConfigurations = (
				A102016C2AF76F7400253072 /* Debug */,
				A102016D2AF76F7400253072 /* Release */,
			);
			defaultConfigurationIsVisible = 0;
			defaultConfigurationName = Release;
		};
/* End XCConfigurationList section */
	};
	rootObject = A102014F2AF76F7300253072 /* Project object */;
}
